
Microsoft Visual Studio Solution File, Format Version 12.00
# Visual Studio 2013
VisualStudioVersion = 12.0.40629.0
MinimumVisualStudioVersion = 10.0.40219.1
Project("{FAE04EC0-301F-11D3-BF4B-00C04F79EFBC}") = "QLHS_THPT", "QLHS_THPT\QLHS_THPT.csproj", "{9EA2085C-F57B-4ED4-99DF-529F0F0E3CB1}"
EndProject
Project("{6141683F-8A12-4E36-9623-2EB02B2C2303}") = "QLHS", "QLHS\QLHS.isproj", "{BF9E10A2-CA3F-4380-9DBA-C5C10F192FE0}"
	ProjectSection(ProjectDependencies) = postProject
		{9EA2085C-F57B-4ED4-99DF-529F0F0E3CB1} = {9EA2085C-F57B-4ED4-99DF-529F0F0E3CB1}
	EndProjectSection
EndProject
Global
	GlobalSection(SolutionConfigurationPlatforms) = preSolution
		CD_ROM|Any CPU = CD_ROM|Any CPU
		Debug|Any CPU = Debug|Any CPU
		DVD-5|Any CPU = DVD-5|Any CPU
		Release|Any CPU = Release|Any CPU
		SingleImage|Any CPU = SingleImage|Any CPU
	EndGlobalSection
	GlobalSection(ProjectConfigurationPlatforms) = postSolution
		{9EA2085C-F57B-4ED4-99DF-529F0F0E3CB1}.CD_ROM|Any CPU.ActiveCfg = Release|Any CPU
		{9EA2085C-F57B-4ED4-99DF-529F0F0E3CB1}.CD_ROM|Any CPU.Build.0 = Release|Any CPU
		{9EA2085C-F57B-4ED4-99DF-529F0F0E3CB1}.Debug|Any CPU.ActiveCfg = Debug|Any CPU
		{9EA2085C-F57B-4ED4-99DF-529F0F0E3CB1}.Debug|Any CPU.Build.0 = Debug|Any CPU
		{9EA2085C-F57B-4ED4-99DF-529F0F0E3CB1}.DVD-5|Any CPU.ActiveCfg = Debug|Any CPU
		{9EA2085C-F57B-4ED4-99DF-529F0F0E3CB1}.DVD-5|Any CPU.Build.0 = Debug|Any CPU
		{9EA2085C-F57B-4ED4-99DF-529F0F0E3CB1}.Release|Any CPU.ActiveCfg = Release|Any CPU
		{9EA2085C-F57B-4ED4-99DF-529F0F0E3CB1}.Release|Any CPU.Build.0 = Release|Any CPU
		{9EA2085C-F57B-4ED4-99DF-529F0F0E3CB1}.SingleImage|Any CPU.ActiveCfg = Release|Any CPU
		{9EA2085C-F57B-4ED4-99DF-529F0F0E3CB1}.SingleImage|Any CPU.Build.0 = Release|Any CPU
		{BF9E10A2-CA3F-4380-9DBA-C5C10F192FE0}.CD_ROM|Any CPU.ActiveCfg = CD_ROM
		{BF9E10A2-CA3F-4380-9DBA-C5C10F192FE0}.CD_ROM|Any CPU.Build.0 = CD_ROM
		{BF9E10A2-CA3F-4380-9DBA-C5C10F192FE0}.Debug|Any CPU.ActiveCfg = DVD-5
		{BF9E10A2-CA3F-4380-9DBA-C5C10F192FE0}.Debug|Any CPU.Build.0 = DVD-5
		{BF9E10A2-CA3F-4380-9DBA-C5C10F192FE0}.DVD-5|Any CPU.ActiveCfg = DVD-5
		{BF9E10A2-CA3F-4380-9DBA-C5C10F192FE0}.DVD-5|Any CPU.Build.0 = DVD-5
		{BF9E10A2-CA3F-4380-9DBA-C5C10F192FE0}.Release|Any CPU.ActiveCfg = SingleImage
		{BF9E10A2-CA3F-4380-9DBA-C5C10F192FE0}.Release|Any CPU.Build.0 = SingleImage
		{BF9E10A2-CA3F-4380-9DBA-C5C10F192FE0}.SingleImage|Any CPU.ActiveCfg = SingleImage
		{BF9E10A2-CA3F-4380-9DBA-C5C10F192FE0}.SingleImage|Any CPU.Build.0 = SingleImage
	EndGlobalSection
	GlobalSection(SolutionProperties) = preSolution
		HideSolutionNode = FALSE
	EndGlobalSection
EndGlobal
